
Microsoft Visual Studio Solution File, Format Version 12.00
# Visual Studio 14
VisualStudioVersion = 14.0.24720.0
MinimumVisualStudioVersion = 10.0.40219.1
Project("{FAE04EC0-301F-11D3-BF4B-00C04F79EFBC}") = "AkkaAggregatorPattern.Entities", "AkkaAggregatorPattern.Entities\AkkaAggregatorPattern.Entities.csproj", "{9008E107-62C9-434E-A736-95DF48BA5D54}"
EndProject
Project("{FAE04EC0-301F-11D3-BF4B-00C04F79EFBC}") = "AkkaAggregatorPattern.Data", "AkkaAggregatorPattern.Data\AkkaAggregatorPattern.Data.csproj", "{BB6587F1-6CFB-440D-9043-1FF34A3CF624}"
EndProject
Project("{FAE04EC0-301F-11D3-BF4B-00C04F79EFBC}") = "AkkaAggregatorPattern.Actors", "AkkaAggregatorPattern.Actors\AkkaAggregatorPattern.Actors.csproj", "{38C2B12F-9758-47FB-B575-62BE4B93C676}"
EndProject
Project("{FAE04EC0-301F-11D3-BF4B-00C04F79EFBC}") = "AkkaAggregatorPattern.Worker", "AkkaAggregatorPattern.Worker\AkkaAggregatorPattern.Worker.csproj", "{407A5F2E-598B-41F3-9646-F42FDCE8D8DB}"
EndProject
Project("{FAE04EC0-301F-11D3-BF4B-00C04F79EFBC}") = "Akka.Cluster.RequestHandler", "..\Akka.Cluster.RequestHandler\Akka.Cluster.RequestHandler\Akka.Cluster.RequestHandler.csproj", "{87B2FA1E-8653-43D2-847C-E86A05F462C3}"
EndProject
Global
	GlobalSection(SolutionConfigurationPlatforms) = preSolution
		Debug|Any CPU = Debug|Any CPU
		Release|Any CPU = Release|Any CPU
	EndGlobalSection
	GlobalSection(ProjectConfigurationPlatforms) = postSolution
		{9008E107-62C9-434E-A736-95DF48BA5D54}.Debug|Any CPU.ActiveCfg = Debug|Any CPU
		{9008E107-62C9-434E-A736-95DF48BA5D54}.Debug|Any CPU.Build.0 = Debug|Any CPU
		{9008E107-62C9-434E-A736-95DF48BA5D54}.Release|Any CPU.ActiveCfg = Release|Any CPU
		{9008E107-62C9-434E-A736-95DF48BA5D54}.Release|Any CPU.Build.0 = Release|Any CPU
		{BB6587F1-6CFB-440D-9043-1FF34A3CF624}.Debug|Any CPU.ActiveCfg = Debug|Any CPU
		{BB6587F1-6CFB-440D-9043-1FF34A3CF624}.Debug|Any CPU.Build.0 = Debug|Any CPU
		{BB6587F1-6CFB-440D-9043-1FF34A3CF624}.Release|Any CPU.ActiveCfg = Release|Any CPU
		{BB6587F1-6CFB-440D-9043-1FF34A3CF624}.Release|Any CPU.Build.0 = Release|Any CPU
		{38C2B12F-9758-47FB-B575-62BE4B93C676}.Debug|Any CPU.ActiveCfg = Debug|Any CPU
		{38C2B12F-9758-47FB-B575-62BE4B93C676}.Debug|Any CPU.Build.0 = Debug|Any CPU
		{38C2B12F-9758-47FB-B575-62BE4B93C676}.Release|Any CPU.ActiveCfg = Release|Any CPU
		{38C2B12F-9758-47FB-B575-62BE4B93C676}.Release|Any CPU.Build.0 = Release|Any CPU
		{407A5F2E-598B-41F3-9646-F42FDCE8D8DB}.Debug|Any CPU.ActiveCfg = Debug|Any CPU
		{407A5F2E-598B-41F3-9646-F42FDCE8D8DB}.Debug|Any CPU.Build.0 = Debug|Any CPU
		{407A5F2E-598B-41F3-9646-F42FDCE8D8DB}.Release|Any CPU.ActiveCfg = Release|Any CPU
		{407A5F2E-598B-41F3-9646-F42FDCE8D8DB}.Release|Any CPU.Build.0 = Release|Any CPU
		{87B2FA1E-8653-43D2-847C-E86A05F462C3}.Debug|Any CPU.ActiveCfg = Debug|Any CPU
		{87B2FA1E-8653-43D2-847C-E86A05F462C3}.Debug|Any CPU.Build.0 = Debug|Any CPU
		{87B2FA1E-8653-43D2-847C-E86A05F462C3}.Release|Any CPU.ActiveCfg = Release|Any CPU
		{87B2FA1E-8653-43D2-847C-E86A05F462C3}.Release|Any CPU.Build.0 = Release|Any CPU
	EndGlobalSection
	GlobalSection(SolutionProperties) = preSolution
		HideSolutionNode = FALSE
	EndGlobalSection
	GlobalSection(ExtensibilityGlobals) = postSolution
		SolutionGuid = {2761BCF5-9CED-4639-91E4-80AE14868CDF}
	EndGlobalSection
EndGlobal
